
Microsoft Visual Studio Solution File, Format Version 12.00
# Visual Studio Version 16
VisualStudioVersion = 16.0.30114.105
MinimumVisualStudioVersion = 10.0.40219.1
Project("{9A19103F-16F7-4668-BE54-9A1E7A4F7556}") = "MyFirstAWSServerless", "MyFirstAWSServerless\MyFirstAWSServerless.csproj", "{064EE428-1E44-4582-9C48-563AF4B7979A}"
EndProject
Global
	GlobalSection(SolutionConfigurationPlatforms) = preSolution
		Debug|Any CPU = Debug|Any CPU
		Release|Any CPU = Release|Any CPU
	EndGlobalSection
	GlobalSection(ProjectConfigurationPlatforms) = postSolution
		{064EE428-1E44-4582-9C48-563AF4B7979A}.Debug|Any CPU.ActiveCfg = Debug|Any CPU
		{064EE428-1E44-4582-9C48-563AF4B7979A}.Debug|Any CPU.Build.0 = Debug|Any CPU
		{064EE428-1E44-4582-9C48-563AF4B7979A}.Release|Any CPU.ActiveCfg = Release|Any CPU
		{064EE428-1E44-4582-9C48-563AF4B7979A}.Release|Any CPU.Build.0 = Release|Any CPU
	EndGlobalSection
	GlobalSection(SolutionProperties) = preSolution
		HideSolutionNode = FALSE
	EndGlobalSection
	GlobalSection(ExtensibilityGlobals) = postSolution
		SolutionGuid = {278B8D9D-1D2A-4BB0-BFDE-132D4F050FF4}
	EndGlobalSection
EndGlobal
